
Microsoft Visual Studio Solution File, Format Version 12.00
# Visual Studio Version 17
VisualStudioVersion = 17.14.36221.1 d17.14
MinimumVisualStudioVersion = 10.0.40219.1
Project("{FAE04EC0-301F-11D3-BF4B-00C04F79EFBC}") = "SeleniumGridCDP", "SeleniumGridCDP\SeleniumGridCDP.csproj", "{218D4EAD-400C-4F76-AE16-4A0E9BFB249C}"
EndProject
Project("{2150E333-8FDC-42A3-9474-1A3956D46DE8}") = "GridFiles", "GridFiles", "{02EA681E-C7D8-13C7-8484-4AC65E1B71E8}"
	ProjectSection(SolutionItems) = preProject
		docker-compose.yml = docker-compose.yml
		values.yaml = values.yaml
	EndProjectSection
EndProject
Global
	GlobalSection(SolutionConfigurationPlatforms) = preSolution
		Debug|Any CPU = Debug|Any CPU
		Release|Any CPU = Release|Any CPU
	EndGlobalSection
	GlobalSection(ProjectConfigurationPlatforms) = postSolution
		{218D4EAD-400C-4F76-AE16-4A0E9BFB249C}.Debug|Any CPU.ActiveCfg = Debug|Any CPU
		{218D4EAD-400C-4F76-AE16-4A0E9BFB249C}.Debug|Any CPU.Build.0 = Debug|Any CPU
		{218D4EAD-400C-4F76-AE16-4A0E9BFB249C}.Release|Any CPU.ActiveCfg = Release|Any CPU
		{218D4EAD-400C-4F76-AE16-4A0E9BFB249C}.Release|Any CPU.Build.0 = Release|Any CPU
	EndGlobalSection
	GlobalSection(SolutionProperties) = preSolution
		HideSolutionNode = FALSE
	EndGlobalSection
	GlobalSection(ExtensibilityGlobals) = postSolution
		SolutionGuid = {251318FC-A7AD-4002-9F08-7B9F940432AF}
	EndGlobalSection
EndGlobal
